
Microsoft Visual Studio Solution File, Format Version 12.00
# Visual Studio Version 17
VisualStudioVersion = 17.4.33205.214
MinimumVisualStudioVersion = 10.0.40219.1
Project("{FAE04EC0-301F-11D3-BF4B-00C04F79EFBC}") = "Simpleprograms", "Simpleprograms\Simpleprograms.csproj", "{4EEE2B66-B80F-4C77-9238-E483FA6CB100}"
EndProject
Global
	GlobalSection(SolutionConfigurationPlatforms) = preSolution
		Debug|Any CPU = Debug|Any CPU
		Release|Any CPU = Release|Any CPU
	EndGlobalSection
	GlobalSection(ProjectConfigurationPlatforms) = postSolution
		{4EEE2B66-B80F-4C77-9238-E483FA6CB100}.Debug|Any CPU.ActiveCfg = Debug|Any CPU
		{4EEE2B66-B80F-4C77-9238-E483FA6CB100}.Debug|Any CPU.Build.0 = Debug|Any CPU
		{4EEE2B66-B80F-4C77-9238-E483FA6CB100}.Release|Any CPU.ActiveCfg = Release|Any CPU
		{4EEE2B66-B80F-4C77-9238-E483FA6CB100}.Release|Any CPU.Build.0 = Release|Any CPU
	EndGlobalSection
	GlobalSection(SolutionProperties) = preSolution
		HideSolutionNode = FALSE
	EndGlobalSection
	GlobalSection(ExtensibilityGlobals) = postSolution
		SolutionGuid = {C09A6714-79EB-4E80-B723-78B9F54FBCCB}
	EndGlobalSection
EndGlobal
